
Microsoft Visual Studio Solution File, Format Version 12.00
# Visual Studio Version 17
VisualStudioVersion = 17.8.34316.72
MinimumVisualStudioVersion = 10.0.40219.1
Project("{9A19103F-16F7-4668-BE54-9A1E7A4F7556}") = "Apptivate_UQMS_WebApp", "Apptivate_UQMS_WebApp.csproj", "{708E1030-051C-4DA2-B2CC-AE701D61AB43}"
EndProject
Project("{2150E333-8FDC-42A3-9474-1A3956D46DE8}") = "Solution Items", "Solution Items", "{A334E846-8C12-4131-B266-71D95BDBE759}"
	ProjectSection(SolutionItems) = preProject
		.gitignore = .gitignore
	EndProjectSection
EndProject
Project("{9A19103F-16F7-4668-BE54-9A1E7A4F7556}") = "UQMS.Tests", "..\UQMS.Tests\UQMS.Tests.csproj", "{777EDD3E-B29D-4F4F-A839-930251BC6DFC}"
EndProject
Global
	GlobalSection(SolutionConfigurationPlatforms) = preSolution
		Debug|Any CPU = Debug|Any CPU
		Release|Any CPU = Release|Any CPU
	EndGlobalSection
	GlobalSection(ProjectConfigurationPlatforms) = postSolution
		{708E1030-051C-4DA2-B2CC-AE701D61AB43}.Debug|Any CPU.ActiveCfg = Debug|Any CPU
		{708E1030-051C-4DA2-B2CC-AE701D61AB43}.Debug|Any CPU.Build.0 = Debug|Any CPU
		{708E1030-051C-4DA2-B2CC-AE701D61AB43}.Release|Any CPU.ActiveCfg = Release|Any CPU
		{708E1030-051C-4DA2-B2CC-AE701D61AB43}.Release|Any CPU.Build.0 = Release|Any CPU
		{777EDD3E-B29D-4F4F-A839-930251BC6DFC}.Debug|Any CPU.ActiveCfg = Debug|Any CPU
		{777EDD3E-B29D-4F4F-A839-930251BC6DFC}.Debug|Any CPU.Build.0 = Debug|Any CPU
		{777EDD3E-B29D-4F4F-A839-930251BC6DFC}.Release|Any CPU.ActiveCfg = Release|Any CPU
		{777EDD3E-B29D-4F4F-A839-930251BC6DFC}.Release|Any CPU.Build.0 = Release|Any CPU
	EndGlobalSection
	GlobalSection(SolutionProperties) = preSolution
		HideSolutionNode = FALSE
	EndGlobalSection
	GlobalSection(ExtensibilityGlobals) = postSolution
		SolutionGuid = {8184BDAC-2315-45A9-8C01-1CC9531C15C6}
	EndGlobalSection
EndGlobal
